// !$*UTF8*$!
{
	archiveVersion = 1;
	classes = {
	};
	objectVersion = 56;
	objects = {

/* Begin PBXBuildFile section */
		0D03466B28F374D700EE6740 /* ZooDemoApp.swift in Sources */ = {isa = PBXBuildFile; fileRef = 0D03466A28F374D700EE6740 /* ZooDemoApp.swift */; };
		0D03466D28F374D700EE6740 /* AnimalView.swift in Sources */ = {isa = PBXBuildFile; fileRef = 0D03466C28F374D700EE6740 /* AnimalView.swift */; };
		0D03466F28F374D900EE6740 /* Assets.xcassets in Resources */ = {isa = PBXBuildFile; fileRef = 0D03466E28F374D900EE6740 /* Assets.xcassets */; };
		0D03467228F374D900EE6740 /* Preview Assets.xcassets in Resources */ = {isa = PBXBuildFile; fileRef = 0D03467128F374D900EE6740 /* Preview Assets.xcassets */; };
		0D03467928F375A200EE6740 /* AnimalListViewModel.swift in Sources */ = {isa = PBXBuildFile; fileRef = 0D03467828F375A100EE6740 /* AnimalListViewModel.swift */; };
		0D29585128F4DE5100F66799 /* URLRequestGenerator.swift in Sources */ = {isa = PBXBuildFile; fileRef = 0D29584D28F4DE5100F66799 /* URLRequestGenerator.swift */; };
		0D29585228F4DE5100F66799 /* NetworkError.swift in Sources */ = {isa = PBXBuildFile; fileRef = 0D29584E28F4DE5100F66799 /* NetworkError.swift */; };
		0D29585328F4DE5100F66799 /* NetworkRequest.swift in Sources */ = {isa = PBXBuildFile; fileRef = 0D29584F28F4DE5100F66799 /* NetworkRequest.swift */; };
		0D29585428F4DE5100F66799 /* NetworkManager.swift in Sources */ = {isa = PBXBuildFile; fileRef = 0D29585028F4DE5100F66799 /* NetworkManager.swift */; };
		0D29585A28F4DEE800F66799 /* Animal.swift in Sources */ = {isa = PBXBuildFile; fileRef = 0D29585928F4DEE800F66799 /* Animal.swift */; };
		0D29585F28F4DF1C00F66799 /* AnimalServiceImpl.swift in Sources */ = {isa = PBXBuildFile; fileRef = 0D29585D28F4DF1C00F66799 /* AnimalServiceImpl.swift */; };
		0D29586028F4DF1C00F66799 /* AnimalService.swift in Sources */ = {isa = PBXBuildFile; fileRef = 0D29585E28F4DF1C00F66799 /* AnimalService.swift */; };
		0D29586628F4E2BA00F66799 /* AnimalDetailViewModel.swift in Sources */ = {isa = PBXBuildFile; fileRef = 0D29586528F4E2BA00F66799 /* AnimalDetailViewModel.swift */; };
		0D29586828F4E2CA00F66799 /* AnimalDetailview.swift in Sources */ = {isa = PBXBuildFile; fileRef = 0D29586728F4E2CA00F66799 /* AnimalDetailview.swift */; };
		0D29586A28F4E3DE00F66799 /* Configuration.swift in Sources */ = {isa = PBXBuildFile; fileRef = 0D29586928F4E3DE00F66799 /* Configuration.swift */; };
		0D29587228F4E99600F66799 /* ZooDemoTests.swift in Sources */ = {isa = PBXBuildFile; fileRef = 0D29587128F4E99600F66799 /* ZooDemoTests.swift */; };
		0DBFB8E12905FC8900479BAF /* SettingsView.swift in Sources */ = {isa = PBXBuildFile; fileRef = 0DBFB8E02905FC8900479BAF /* SettingsView.swift */; };
		0DBFB8E32905FFEA00479BAF /* OptionSelectorView.swift in Sources */ = {isa = PBXBuildFile; fileRef = 0DBFB8E22905FFEA00479BAF /* OptionSelectorView.swift */; };
/* End PBXBuildFile section */

/* Begin PBXContainerItemProxy section */
		0D29587328F4E99600F66799 /* PBXContainerItemProxy */ = {
			isa = PBXContainerItemProxy;
			containerPortal = 0D03465F28F374D700EE6740 /* Project object */;
			proxyType = 1;
			remoteGlobalIDString = 0D03466628F374D700EE6740;
			remoteInfo = ArticlesDemo;
		};
/* End PBXContainerItemProxy section */

/* Begin PBXFileReference section */
		0D03466728F374D700EE6740 /* ZooDemo.app */ = {isa = PBXFileReference; explicitFileType = wrapper.application; includeInIndex = 0; path = ZooDemo.app; sourceTree = BUILT_PRODUCTS_DIR; };
		0D03466A28F374D700EE6740 /* ZooDemoApp.swift */ = {isa = PBXFileReference; lastKnownFileType = sourcecode.swift; path = ZooDemoApp.swift; sourceTree = "<group>"; };
		0D03466C28F374D700EE6740 /* AnimalView.swift */ = {isa = PBXFileReference; lastKnownFileType = sourcecode.swift; path = AnimalView.swift; sourceTree = "<group>"; };
		0D03466E28F374D900EE6740 /* Assets.xcassets */ = {isa = PBXFileReference; lastKnownFileType = folder.assetcatalog; path = Assets.xcassets; sourceTree = "<group>"; };
		0D03467128F374D900EE6740 /* Preview Assets.xcassets */ = {isa = PBXFileReference; lastKnownFileType = folder.assetcatalog; path = "Preview Assets.xcassets"; sourceTree = "<group>"; };
		0D03467828F375A100EE6740 /* AnimalListViewModel.swift */ = {isa = PBXFileReference; lastKnownFileType = sourcecode.swift; path = AnimalListViewModel.swift; sourceTree = "<group>"; };
		0D29584D28F4DE5100F66799 /* URLRequestGenerator.swift */ = {isa = PBXFileReference; fileEncoding = 4; lastKnownFileType = sourcecode.swift; path = URLRequestGenerator.swift; sourceTree = "<group>"; };
		0D29584E28F4DE5100F66799 /* NetworkError.swift */ = {isa = PBXFileReference; fileEncoding = 4; lastKnownFileType = sourcecode.swift; path = NetworkError.swift; sourceTree = "<group>"; };
		0D29584F28F4DE5100F66799 /* NetworkRequest.swift */ = {isa = PBXFileReference; fileEncoding = 4; lastKnownFileType = sourcecode.swift; path = NetworkRequest.swift; sourceTree = "<group>"; };
		0D29585028F4DE5100F66799 /* NetworkManager.swift */ = {isa = PBXFileReference; fileEncoding = 4; lastKnownFileType = sourcecode.swift; path = NetworkManager.swift; sourceTree = "<group>"; };
		0D29585928F4DEE800F66799 /* Animal.swift */ = {isa = PBXFileReference; lastKnownFileType = sourcecode.swift; path = Animal.swift; sourceTree = "<group>"; };
		0D29585D28F4DF1C00F66799 /* AnimalServiceImpl.swift */ = {isa = PBXFileReference; fileEncoding = 4; lastKnownFileType = sourcecode.swift; path = AnimalServiceImpl.swift; sourceTree = "<group>"; };
		0D29585E28F4DF1C00F66799 /* AnimalService.swift */ = {isa = PBXFileReference; fileEncoding = 4; lastKnownFileType = sourcecode.swift; path = AnimalService.swift; sourceTree = "<group>"; };
		0D29586528F4E2BA00F66799 /* AnimalDetailViewModel.swift */ = {isa = PBXFileReference; lastKnownFileType = sourcecode.swift; path = AnimalDetailViewModel.swift; sourceTree = "<group>"; };
		0D29586728F4E2CA00F66799 /* AnimalDetailview.swift */ = {isa = PBXFileReference; lastKnownFileType = sourcecode.swift; path = AnimalDetailview.swift; sourceTree = "<group>"; };
		0D29586928F4E3DE00F66799 /* Configuration.swift */ = {isa = PBXFileReference; fileEncoding = 4; lastKnownFileType = sourcecode.swift; path = Configuration.swift; sourceTree = "<group>"; };
		0D29586F28F4E99600F66799 /* ZooDemoTests.xctest */ = {isa = PBXFileReference; explicitFileType = wrapper.cfbundle; includeInIndex = 0; path = ZooDemoTests.xctest; sourceTree = BUILT_PRODUCTS_DIR; };
		0D29587128F4E99600F66799 /* ZooDemoTests.swift */ = {isa = PBXFileReference; lastKnownFileType = sourcecode.swift; path = ZooDemoTests.swift; sourceTree = "<group>"; };
		0DBFB8E02905FC8900479BAF /* SettingsView.swift */ = {isa = PBXFileReference; lastKnownFileType = sourcecode.swift; path = SettingsView.swift; sourceTree = "<group>"; };
		0DBFB8E22905FFEA00479BAF /* OptionSelectorView.swift */ = {isa = PBXFileReference; lastKnownFileType = sourcecode.swift; path = OptionSelectorView.swift; sourceTree = "<group>"; };
/* End PBXFileReference section */

/* Begin PBXFrameworksBuildPhase section */
		0D03466428F374D700EE6740 /* Frameworks */ = {
			isa = PBXFrameworksBuildPhase;
			buildActionMask = 2147483647;
			files = (
			);
			runOnlyForDeploymentPostprocessing = 0;
		};
		0D29586C28F4E99600F66799 /* Frameworks */ = {
			isa = PBXFrameworksBuildPhase;
			buildActionMask = 2147483647;
			files = (
			);
			runOnlyForDeploymentPostprocessing = 0;
		};
/* End PBXFrameworksBuildPhase section */

/* Begin PBXGroup section */
		0D03465E28F374D700EE6740 = {
			isa = PBXGroup;
			children = (
				0D03466928F374D700EE6740 /* ZooDemo */,
				0D29587028F4E99600F66799 /* ZooDemoTests */,
				0D03466828F374D700EE6740 /* Products */,
			);
			sourceTree = "<group>";
		};
		0D03466828F374D700EE6740 /* Products */ = {
			isa = PBXGroup;
			children = (
				0D03466728F374D700EE6740 /* ZooDemo.app */,
				0D29586F28F4E99600F66799 /* ZooDemoTests.xctest */,
			);
			name = Products;
			sourceTree = "<group>";
		};
		0D03466928F374D700EE6740 /* ZooDemo */ = {
			isa = PBXGroup;
			children = (
				0D29585528F4DE5700F66799 /* Networking */,
				0D29585628F4DEC400F66799 /* Modules */,
				0D03466A28F374D700EE6740 /* ZooDemoApp.swift */,
				0D03466E28F374D900EE6740 /* Assets.xcassets */,
				0D03467028F374D900EE6740 /* Preview Content */,
			);
			path = ZooDemo;
			sourceTree = "<group>";
		};
		0D03467028F374D900EE6740 /* Preview Content */ = {
			isa = PBXGroup;
			children = (
				0D03467128F374D900EE6740 /* Preview Assets.xcassets */,
			);
			path = "Preview Content";
			sourceTree = "<group>";
		};
		0D29585528F4DE5700F66799 /* Networking */ = {
			isa = PBXGroup;
			children = (
				0D29586928F4E3DE00F66799 /* Configuration.swift */,
				0D29584D28F4DE5100F66799 /* URLRequestGenerator.swift */,
				0D29584F28F4DE5100F66799 /* NetworkRequest.swift */,
				0D29585028F4DE5100F66799 /* NetworkManager.swift */,
				0D29584E28F4DE5100F66799 /* NetworkError.swift */,
			);
			path = Networking;
			sourceTree = "<group>";
		};
		0D29585628F4DEC400F66799 /* Modules */ = {
			isa = PBXGroup;
			children = (
				0DBFB8DE2905FC7000479BAF /* Settings */,
				0D29586228F4E29800F66799 /* AnimalDetails */,
				0D29585728F4DECB00F66799 /* Animals */,
			);
			path = Modules;
			sourceTree = "<group>";
		};
		0D29585728F4DECB00F66799 /* Animals */ = {
			isa = PBXGroup;
			children = (
				0D29586128F4E0A700F66799 /* View */,
				0D29585C28F4DF0C00F66799 /* Service */,
				0D29585B28F4DEFF00F66799 /* ViewModel */,
				0D29585828F4DED500F66799 /* Models */,
			);
			path = Animals;
			sourceTree = "<group>";
		};
		0D29585828F4DED500F66799 /* Models */ = {
			isa = PBXGroup;
			children = (
				0D29585928F4DEE800F66799 /* Animal.swift */,
			);
			path = Models;
			sourceTree = "<group>";
		};
		0D29585B28F4DEFF00F66799 /* ViewModel */ = {
			isa = PBXGroup;
			children = (
				0D03467828F375A100EE6740 /* AnimalListViewModel.swift */,
			);
			path = ViewModel;
			sourceTree = "<group>";
		};
		0D29585C28F4DF0C00F66799 /* Service */ = {
			isa = PBXGroup;
			children = (
				0D29585E28F4DF1C00F66799 /* AnimalService.swift */,
				0D29585D28F4DF1C00F66799 /* AnimalServiceImpl.swift */,
			);
			path = Service;
			sourceTree = "<group>";
		};
		0D29586128F4E0A700F66799 /* View */ = {
			isa = PBXGroup;
			children = (
				0D03466C28F374D700EE6740 /* AnimalView.swift */,
				0DBFB8E22905FFEA00479BAF /* OptionSelectorView.swift */,
			);
			path = View;
			sourceTree = "<group>";
		};
		0D29586228F4E29800F66799 /* AnimalDetails */ = {
			isa = PBXGroup;
			children = (
				0D29586428F4E2A500F66799 /* ViewModel */,
				0D29586328F4E2A000F66799 /* View */,
			);
			path = AnimalDetails;
			sourceTree = "<group>";
		};
		0D29586328F4E2A000F66799 /* View */ = {
			isa = PBXGroup;
			children = (
				0D29586728F4E2CA00F66799 /* AnimalDetailview.swift */,
			);
			path = View;
			sourceTree = "<group>";
		};
		0D29586428F4E2A500F66799 /* ViewModel */ = {
			isa = PBXGroup;
			children = (
				0D29586528F4E2BA00F66799 /* AnimalDetailViewModel.swift */,
			);
			path = ViewModel;
			sourceTree = "<group>";
		};
		0D29587028F4E99600F66799 /* ZooDemoTests */ = {
			isa = PBXGroup;
			children = (
				0D29587128F4E99600F66799 /* ZooDemoTests.swift */,
			);
			path = ZooDemoTests;
			sourceTree = "<group>";
		};
		0DBFB8DE2905FC7000479BAF /* Settings */ = {
			isa = PBXGroup;
			children = (
				0DBFB8DF2905FC7800479BAF /* View */,
			);
			path = Settings;
			sourceTree = "<group>";
		};
		0DBFB8DF2905FC7800479BAF /* View */ = {
			isa = PBXGroup;
			children = (
				0DBFB8E02905FC8900479BAF /* SettingsView.swift */,
			);
			path = View;
			sourceTree = "<group>";
		};
/* End PBXGroup section */

/* Begin PBXNativeTarget section */
		0D03466628F374D700EE6740 /* ZooDemo */ = {
			isa = PBXNativeTarget;
			buildConfigurationList = 0D03467528F374D900EE6740 /* Build configuration list for PBXNativeTarget "ZooDemo" */;
			buildPhases = (
				0D03466328F374D700EE6740 /* Sources */,
				0D03466428F374D700EE6740 /* Frameworks */,
				0D03466528F374D700EE6740 /* Resources */,
			);
			buildRules = (
			);
			dependencies = (
			);
			name = ZooDemo;
			packageProductDependencies = (
			);
			productName = OpenBook;
			productReference = 0D03466728F374D700EE6740 /* ZooDemo.app */;
			productType = "com.apple.product-type.application";
		};
		0D29586E28F4E99600F66799 /* ZooDemoTests */ = {
			isa = PBXNativeTarget;
			buildConfigurationList = 0D29587528F4E99600F66799 /* Build configuration list for PBXNativeTarget "ZooDemoTests" */;
			buildPhases = (
				0D29586B28F4E99600F66799 /* Sources */,
				0D29586C28F4E99600F66799 /* Frameworks */,
				0D29586D28F4E99600F66799 /* Resources */,
			);
			buildRules = (
			);
			dependencies = (
				0D29587428F4E99600F66799 /* PBXTargetDependency */,
			);
			name = ZooDemoTests;
			productName = ArticlesDemoTests;
			productReference = 0D29586F28F4E99600F66799 /* ZooDemoTests.xctest */;
			productType = "com.apple.product-type.bundle.unit-test";
		};
/* End PBXNativeTarget section */

/* Begin PBXProject section */
		0D03465F28F374D700EE6740 /* Project object */ = {
			isa = PBXProject;
			attributes = {
				BuildIndependentTargetsInParallel = 1;
				LastSwiftUpdateCheck = 1400;
				LastUpgradeCheck = 1400;
				TargetAttributes = {
					0D03466628F374D700EE6740 = {
						CreatedOnToolsVersion = 14.0.1;
					};
					0D29586E28F4E99600F66799 = {
						CreatedOnToolsVersion = 14.0.1;
						TestTargetID = 0D03466628F374D700EE6740;
					};
				};
			};
			buildConfigurationList = 0D03466228F374D700EE6740 /* Build configuration list for PBXProject "ZooDemo" */;
			compatibilityVersion = "Xcode 14.0";
			developmentRegion = en;
			hasScannedForEncodings = 0;
			knownRegions = (
				en,
				Base,
			);
			mainGroup = 0D03465E28F374D700EE6740;
			packageReferences = (
			);
			productRefGroup = 0D03466828F374D700EE6740 /* Products */;
			projectDirPath = "";
			projectRoot = "";
			targets = (
				0D03466628F374D700EE6740 /* ZooDemo */,
				0D29586E28F4E99600F66799 /* ZooDemoTests */,
			);
		};
/* End PBXProject section */

/* Begin PBXResourcesBuildPhase section */
		0D03466528F374D700EE6740 /* Resources */ = {
			isa = PBXResourcesBuildPhase;
			buildActionMask = 2147483647;
			files = (
				0D03467228F374D900EE6740 /* Preview Assets.xcassets in Resources */,
				0D03466F28F374D900EE6740 /* Assets.xcassets in Resources */,
			);
			runOnlyForDeploymentPostprocessing = 0;
		};
		0D29586D28F4E99600F66799 /* Resources */ = {
			isa = PBXResourcesBuildPhase;
			buildActionMask = 2147483647;
			files = (
			);
			runOnlyForDeploymentPostprocessing = 0;
		};
/* End PBXResourcesBuildPhase section */

/* Begin PBXSourcesBuildPhase section */
		0D03466328F374D700EE6740 /* Sources */ = {
			isa = PBXSourcesBuildPhase;
			buildActionMask = 2147483647;
			files = (
				0D03466D28F374D700EE6740 /* AnimalView.swift in Sources */,
				0D29586028F4DF1C00F66799 /* AnimalService.swift in Sources */,
				0DBFB8E32905FFEA00479BAF /* OptionSelectorView.swift in Sources */,
				0D03466B28F374D700EE6740 /* ZooDemoApp.swift in Sources */,
				0D29585A28F4DEE800F66799 /* Animal.swift in Sources */,
				0D29586828F4E2CA00F66799 /* AnimalDetailview.swift in Sources */,
				0D29585428F4DE5100F66799 /* NetworkManager.swift in Sources */,
				0D29585328F4DE5100F66799 /* NetworkRequest.swift in Sources */,
				0DBFB8E12905FC8900479BAF /* SettingsView.swift in Sources */,
				0D29586A28F4E3DE00F66799 /* Configuration.swift in Sources */,
				0D29585228F4DE5100F66799 /* NetworkError.swift in Sources */,
				0D03467928F375A200EE6740 /* AnimalListViewModel.swift in Sources */,
				0D29585F28F4DF1C00F66799 /* AnimalServiceImpl.swift in Sources */,
				0D29586628F4E2BA00F66799 /* AnimalDetailViewModel.swift in Sources */,
				0D29585128F4DE5100F66799 /* URLRequestGenerator.swift in Sources */,
			);
			runOnlyForDeploymentPostprocessing = 0;
		};
		0D29586B28F4E99600F66799 /* Sources */ = {
			isa = PBXSourcesBuildPhase;
			buildActionMask = 2147483647;
			files = (
				0D29587228F4E99600F66799 /* ZooDemoTests.swift in Sources */,
			);
			runOnlyForDeploymentPostprocessing = 0;
		};
/* End PBXSourcesBuildPhase section */

/* Begin PBXTargetDependency section */
		0D29587428F4E99600F66799 /* PBXTargetDependency */ = {
			isa = PBXTargetDependency;
			target = 0D03466628F374D700EE6740 /* ZooDemo */;
			targetProxy = 0D29587328F4E99600F66799 /* PBXContainerItemProxy */;
		};
/* End PBXTargetDependency section */

/* Begin XCBuildConfiguration section */
		0D03467328F374D900EE6740 /* Debug */ = {
			isa = XCBuildConfiguration;
			buildSettings = {
				ALWAYS_SEARCH_USER_PATHS = NO;
				CLANG_ANALYZER_NONNULL = YES;
				CLANG_ANALYZER_NUMBER_OBJECT_CONVERSION = YES_AGGRESSIVE;
				CLANG_CXX_LANGUAGE_STANDARD = "gnu++20";
				CLANG_ENABLE_MODULES = YES;
				CLANG_ENABLE_OBJC_ARC = YES;
				CLANG_ENABLE_OBJC_WEAK = YES;
				CLANG_WARN_BLOCK_CAPTURE_AUTORELEASING = YES;
				CLANG_WARN_BOOL_CONVERSION = YES;
				CLANG_WARN_COMMA = YES;
				CLANG_WARN_CONSTANT_CONVERSION = YES;
				CLANG_WARN_DEPRECATED_OBJC_IMPLEMENTATIONS = YES;
				CLANG_WARN_DIRECT_OBJC_ISA_USAGE = YES_ERROR;
				CLANG_WARN_DOCUMENTATION_COMMENTS = YES;
				CLANG_WARN_EMPTY_BODY = YES;
				CLANG_WARN_ENUM_CONVERSION = YES;
				CLANG_WARN_INFINITE_RECURSION = YES;
				CLANG_WARN_INT_CONVERSION = YES;
				CLANG_WARN_NON_LITERAL_NULL_CONVERSION = YES;
				CLANG_WARN_OBJC_IMPLICIT_RETAIN_SELF = YES;
				CLANG_WARN_OBJC_LITERAL_CONVERSION = YES;
				CLANG_WARN_OBJC_ROOT_CLASS = YES_ERROR;
				CLANG_WARN_QUOTED_INCLUDE_IN_FRAMEWORK_HEADER = YES;
				CLANG_WARN_RANGE_LOOP_ANALYSIS = YES;
				CLANG_WARN_STRICT_PROTOTYPES = YES;
				CLANG_WARN_SUSPICIOUS_MOVE = YES;
				CLANG_WARN_UNGUARDED_AVAILABILITY = YES_AGGRESSIVE;
				CLANG_WARN_UNREACHABLE_CODE = YES;
				CLANG_WARN__DUPLICATE_METHOD_MATCH = YES;
				COPY_PHASE_STRIP = NO;
				DEBUG_INFORMATION_FORMAT = dwarf;
				ENABLE_STRICT_OBJC_MSGSEND = YES;
				ENABLE_TESTABILITY = YES;
				GCC_C_LANGUAGE_STANDARD = gnu11;
				GCC_DYNAMIC_NO_PIC = NO;
				GCC_NO_COMMON_BLOCKS = YES;
				GCC_OPTIMIZATION_LEVEL = 0;
				GCC_PREPROCESSOR_DEFINITIONS = (
					"DEBUG=1",
					"$(inherited)",
				);
				GCC_WARN_64_TO_32_BIT_CONVERSION = YES;
				GCC_WARN_ABOUT_RETURN_TYPE = YES_ERROR;
				GCC_WARN_UNDECLARED_SELECTOR = YES;
				GCC_WARN_UNINITIALIZED_AUTOS = YES_AGGRESSIVE;
				GCC_WARN_UNUSED_FUNCTION = YES;
				GCC_WARN_UNUSED_VARIABLE = YES;
				IPHONEOS_DEPLOYMENT_TARGET = 16.0;
				MTL_ENABLE_DEBUG_INFO = INCLUDE_SOURCE;
				MTL_FAST_MATH = YES;
				ONLY_ACTIVE_ARCH = YES;
				SDKROOT = iphoneos;
				SWIFT_ACTIVE_COMPILATION_CONDITIONS = DEBUG;
				SWIFT_OPTIMIZATION_LEVEL = "-Onone";
			};
			name = Debug;
		};
		0D03467428F374D900EE6740 /* Release */ = {
			isa = XCBuildConfiguration;
			buildSettings = {
				ALWAYS_SEARCH_USER_PATHS = NO;
				CLANG_ANALYZER_NONNULL = YES;
				CLANG_ANALYZER_NUMBER_OBJECT_CONVERSION = YES_AGGRESSIVE;
				CLANG_CXX_LANGUAGE_STANDARD = "gnu++20";
				CLANG_ENABLE_MODULES = YES;
				CLANG_ENABLE_OBJC_ARC = YES;
				CLANG_ENABLE_OBJC_WEAK = YES;
				CLANG_WARN_BLOCK_CAPTURE_AUTORELEASING = YES;
				CLANG_WARN_BOOL_CONVERSION = YES;
				CLANG_WARN_COMMA = YES;
				CLANG_WARN_CONSTANT_CONVERSION = YES;
				CLANG_WARN_DEPRECATED_OBJC_IMPLEMENTATIONS = YES;
				CLANG_WARN_DIRECT_OBJC_ISA_USAGE = YES_ERROR;
				CLANG_WARN_DOCUMENTATION_COMMENTS = YES;
				CLANG_WARN_EMPTY_BODY = YES;
				CLANG_WARN_ENUM_CONVERSION = YES;
				CLANG_WARN_INFINITE_RECURSION = YES;
				CLANG_WARN_INT_CONVERSION = YES;
				CLANG_WARN_NON_LITERAL_NULL_CONVERSION = YES;
				CLANG_WARN_OBJC_IMPLICIT_RETAIN_SELF = YES;
				CLANG_WARN_OBJC_LITERAL_CONVERSION = YES;
				CLANG_WARN_OBJC_ROOT_CLASS = YES_ERROR;
				CLANG_WARN_QUOTED_INCLUDE_IN_FRAMEWORK_HEADER = YES;
				CLANG_WARN_RANGE_LOOP_ANALYSIS = YES;
				CLANG_WARN_STRICT_PROTOTYPES = YES;
				CLANG_WARN_SUSPICIOUS_MOVE = YES;
				CLANG_WARN_UNGUARDED_AVAILABILITY = YES_AGGRESSIVE;
				CLANG_WARN_UNREACHABLE_CODE = YES;
				CLANG_WARN__DUPLICATE_METHOD_MATCH = YES;
				COPY_PHASE_STRIP = NO;
				DEBUG_INFORMATION_FORMAT = "dwarf-with-dsym";
				ENABLE_NS_ASSERTIONS = NO;
				ENABLE_STRICT_OBJC_MSGSEND = YES;
				GCC_C_LANGUAGE_STANDARD = gnu11;
				GCC_NO_COMMON_BLOCKS = YES;
				GCC_WARN_64_TO_32_BIT_CONVERSION = YES;
				GCC_WARN_ABOUT_RETURN_TYPE = YES_ERROR;
				GCC_WARN_UNDECLARED_SELECTOR = YES;
				GCC_WARN_UNINITIALIZED_AUTOS = YES_AGGRESSIVE;
				GCC_WARN_UNUSED_FUNCTION = YES;
				GCC_WARN_UNUSED_VARIABLE = YES;
				IPHONEOS_DEPLOYMENT_TARGET = 16.0;
				MTL_ENABLE_DEBUG_INFO = NO;
				MTL_FAST_MATH = YES;
				SDKROOT = iphoneos;
				SWIFT_COMPILATION_MODE = wholemodule;
				SWIFT_OPTIMIZATION_LEVEL = "-O";
				VALIDATE_PRODUCT = YES;
			};
			name = Release;
		};
		0D03467628F374D900EE6740 /* Debug */ = {
			isa = XCBuildConfiguration;
			buildSettings = {
				ASSETCATALOG_COMPILER_APPICON_NAME = AppIcon;
				ASSETCATALOG_COMPILER_GLOBAL_ACCENT_COLOR_NAME = AccentColor;
				CODE_SIGN_STYLE = Automatic;
				CURRENT_PROJECT_VERSION = 1;
				DEVELOPMENT_ASSET_PATHS = "\"ZooDemo/Preview Content\"";
				ENABLE_PREVIEWS = YES;
				GENERATE_INFOPLIST_FILE = YES;
				INFOPLIST_KEY_UIApplicationSceneManifest_Generation = YES;
				INFOPLIST_KEY_UIApplicationSupportsIndirectInputEvents = YES;
				INFOPLIST_KEY_UILaunchScreen_Generation = YES;
				INFOPLIST_KEY_UISupportedInterfaceOrientations_iPad = "UIInterfaceOrientationPortrait UIInterfaceOrientationPortraitUpsideDown UIInterfaceOrientationLandscapeLeft UIInterfaceOrientationLandscapeRight";
				INFOPLIST_KEY_UISupportedInterfaceOrientations_iPhone = "UIInterfaceOrientationPortrait UIInterfaceOrientationLandscapeLeft UIInterfaceOrientationLandscapeRight";
				LD_RUNPATH_SEARCH_PATHS = (
					"$(inherited)",
					"@executable_path/Frameworks",
				);
				MARKETING_VERSION = 1.0;
				PRODUCT_BUNDLE_IDENTIFIER = com.test.ZooDemo;
				PRODUCT_NAME = "$(TARGET_NAME)";
				SWIFT_EMIT_LOC_STRINGS = YES;
				SWIFT_VERSION = 5.0;
				TARGETED_DEVICE_FAMILY = "1,2";
			};
			name = Debug;
		};
		0D03467728F374D900EE6740 /* Release */ = {
			isa = XCBuildConfiguration;
			buildSettings = {
				ASSETCATALOG_COMPILER_APPICON_NAME = AppIcon;
				ASSETCATALOG_COMPILER_GLOBAL_ACCENT_COLOR_NAME = AccentColor;
				CODE_SIGN_STYLE = Automatic;
				CURRENT_PROJECT_VERSION = 1;
				DEVELOPMENT_ASSET_PATHS = "\"ZooDemo/Preview Content\"";
				ENABLE_PREVIEWS = YES;
				GENERATE_INFOPLIST_FILE = YES;
				INFOPLIST_KEY_UIApplicationSceneManifest_Generation = YES;
				INFOPLIST_KEY_UIApplicationSupportsIndirectInputEvents = YES;
				INFOPLIST_KEY_UILaunchScreen_Generation = YES;
				INFOPLIST_KEY_UISupportedInterfaceOrientations_iPad = "UIInterfaceOrientationPortrait UIInterfaceOrientationPortraitUpsideDown UIInterfaceOrientationLandscapeLeft UIInterfaceOrientationLandscapeRight";
				INFOPLIST_KEY_UISupportedInterfaceOrientations_iPhone = "UIInterfaceOrientationPortrait UIInterfaceOrientationLandscapeLeft UIInterfaceOrientationLandscapeRight";
				LD_RUNPATH_SEARCH_PATHS = (
					"$(inherited)",
					"@executable_path/Frameworks",
				);
				MARKETING_VERSION = 1.0;
				PRODUCT_BUNDLE_IDENTIFIER = com.test.ZooDemo;
				PRODUCT_NAME = "$(TARGET_NAME)";
				SWIFT_EMIT_LOC_STRINGS = YES;
				SWIFT_VERSION = 5.0;
				TARGETED_DEVICE_FAMILY = "1,2";
			};
			name = Release;
		};
		0D29587628F4E99600F66799 /* Debug */ = {
			isa = XCBuildConfiguration;
			buildSettings = {
				BUNDLE_LOADER = "$(TEST_HOST)";
				CODE_SIGN_STYLE = Automatic;
				CURRENT_PROJECT_VERSION = 1;
				GENERATE_INFOPLIST_FILE = YES;
				MARKETING_VERSION = 1.0;
				PRODUCT_BUNDLE_IDENTIFIER = com.test.ZooDemoTests;
				PRODUCT_NAME = "$(TARGET_NAME)";
				SWIFT_EMIT_LOC_STRINGS = NO;
				SWIFT_VERSION = 5.0;
				TARGETED_DEVICE_FAMILY = "1,2";
				TEST_HOST = "$(BUILT_PRODUCTS_DIR)/ZooDemo.app/$(BUNDLE_EXECUTABLE_FOLDER_PATH)/ZooDemo";
			};
			name = Debug;
		};
		0D29587728F4E99600F66799 /* Release */ = {
			isa = XCBuildConfiguration;
			buildSettings = {
				BUNDLE_LOADER = "$(TEST_HOST)";
				CODE_SIGN_STYLE = Automatic;
				CURRENT_PROJECT_VERSION = 1;
				GENERATE_INFOPLIST_FILE = YES;
				MARKETING_VERSION = 1.0;
				PRODUCT_BUNDLE_IDENTIFIER = com.test.ZooDemoTests;
				PRODUCT_NAME = "$(TARGET_NAME)";
				SWIFT_EMIT_LOC_STRINGS = NO;
				SWIFT_VERSION = 5.0;
				TARGETED_DEVICE_FAMILY = "1,2";
				TEST_HOST = "$(BUILT_PRODUCTS_DIR)/ZooDemo.app/$(BUNDLE_EXECUTABLE_FOLDER_PATH)/ZooDemo";
			};
			name = Release;
		};
/* End XCBuildConfiguration section */

/* Begin XCConfigurationList section */
		0D03466228F374D700EE6740 /* Build configuration list for PBXProject "ZooDemo" */ = {
			isa = XCConfigurationList;
			buildConfigurations = (
				0D03467328F374D900EE6740 /* Debug */,
				0D03467428F374D900EE6740 /* Release */,
			);
			defaultConfigurationIsVisible = 0;
			defaultConfigurationName = Release;
		};
		0D03467528F374D900EE6740 /* Build configuration list for PBXNativeTarget "ZooDemo" */ = {
			isa = XCConfigurationList;
			buildConfigurations = (
				0D03467628F374D900EE6740 /* Debug */,
				0D03467728F374D900EE6740 /* Release */,
			);
			defaultConfigurationIsVisible = 0;
			defaultConfigurationName = Release;
		};
		0D29587528F4E99600F66799 /* Build configuration list for PBXNativeTarget "ZooDemoTests" */ = {
			isa = XCConfigurationList;
			buildConfigurations = (
				0D29587628F4E99600F66799 /* Debug */,
				0D29587728F4E99600F66799 /* Release */,
			);
			defaultConfigurationIsVisible = 0;
			defaultConfigurationName = Release;
		};
/* End XCConfigurationList section */
	};
	rootObject = 0D03465F28F374D700EE6740 /* Project object */;
}
